
Microsoft Visual Studio Solution File, Format Version 12.00
# Visual Studio Version 17
VisualStudioVersion = 17.10.35122.118
MinimumVisualStudioVersion = 10.0.40219.1
Project("{FAE04EC0-301F-11D3-BF4B-00C04F79EFBC}") = "atividade", "atividade\atividade.csproj", "{4730DE9D-339E-49CA-9DF6-CF419BA9B454}"
EndProject
Global
	GlobalSection(SolutionConfigurationPlatforms) = preSolution
		Debug|Any CPU = Debug|Any CPU
		Release|Any CPU = Release|Any CPU
	EndGlobalSection
	GlobalSection(ProjectConfigurationPlatforms) = postSolution
		{4730DE9D-339E-49CA-9DF6-CF419BA9B454}.Debug|Any CPU.ActiveCfg = Debug|Any CPU
		{4730DE9D-339E-49CA-9DF6-CF419BA9B454}.Debug|Any CPU.Build.0 = Debug|Any CPU
		{4730DE9D-339E-49CA-9DF6-CF419BA9B454}.Release|Any CPU.ActiveCfg = Release|Any CPU
		{4730DE9D-339E-49CA-9DF6-CF419BA9B454}.Release|Any CPU.Build.0 = Release|Any CPU
	EndGlobalSection
	GlobalSection(SolutionProperties) = preSolution
		HideSolutionNode = FALSE
	EndGlobalSection
	GlobalSection(ExtensibilityGlobals) = postSolution
		SolutionGuid = {C20188B8-C46A-48FE-8A2C-4A623CF7839F}
	EndGlobalSection
EndGlobal
