
Microsoft Visual Studio Solution File, Format Version 12.00
# Visual Studio Version 17
VisualStudioVersion = 17.10.35122.118
MinimumVisualStudioVersion = 10.0.40219.1
Project("{FAE04EC0-301F-11D3-BF4B-00C04F79EFBC}") = "ConsoleApp2", "ConsoleApp2\ConsoleApp2.csproj", "{16348850-C8F7-4420-B243-65BE23304646}"
EndProject
Global
	GlobalSection(SolutionConfigurationPlatforms) = preSolution
		Debug|Any CPU = Debug|Any CPU
		Release|Any CPU = Release|Any CPU
	EndGlobalSection
	GlobalSection(ProjectConfigurationPlatforms) = postSolution
		{16348850-C8F7-4420-B243-65BE23304646}.Debug|Any CPU.ActiveCfg = Debug|Any CPU
		{16348850-C8F7-4420-B243-65BE23304646}.Debug|Any CPU.Build.0 = Debug|Any CPU
		{16348850-C8F7-4420-B243-65BE23304646}.Release|Any CPU.ActiveCfg = Release|Any CPU
		{16348850-C8F7-4420-B243-65BE23304646}.Release|Any CPU.Build.0 = Release|Any CPU
	EndGlobalSection
	GlobalSection(SolutionProperties) = preSolution
		HideSolutionNode = FALSE
	EndGlobalSection
	GlobalSection(ExtensibilityGlobals) = postSolution
		SolutionGuid = {2D187324-9B66-45A1-9345-AA846DF291A3}
	EndGlobalSection
EndGlobal
