
Microsoft Visual Studio Solution File, Format Version 12.00
# Visual Studio Version 17
VisualStudioVersion = 17.10.35122.118
MinimumVisualStudioVersion = 10.0.40219.1
Project("{FAE04EC0-301F-11D3-BF4B-00C04F79EFBC}") = "aula3", "aula3\aula3.csproj", "{AE5E9B99-310C-40F0-94F2-F70E5141B3FF}"
EndProject
Global
	GlobalSection(SolutionConfigurationPlatforms) = preSolution
		Debug|Any CPU = Debug|Any CPU
		Release|Any CPU = Release|Any CPU
	EndGlobalSection
	GlobalSection(ProjectConfigurationPlatforms) = postSolution
		{AE5E9B99-310C-40F0-94F2-F70E5141B3FF}.Debug|Any CPU.ActiveCfg = Debug|Any CPU
		{AE5E9B99-310C-40F0-94F2-F70E5141B3FF}.Debug|Any CPU.Build.0 = Debug|Any CPU
		{AE5E9B99-310C-40F0-94F2-F70E5141B3FF}.Release|Any CPU.ActiveCfg = Release|Any CPU
		{AE5E9B99-310C-40F0-94F2-F70E5141B3FF}.Release|Any CPU.Build.0 = Release|Any CPU
	EndGlobalSection
	GlobalSection(SolutionProperties) = preSolution
		HideSolutionNode = FALSE
	EndGlobalSection
	GlobalSection(ExtensibilityGlobals) = postSolution
		SolutionGuid = {5452C2FF-B74B-4736-A15C-A456DFB567AA}
	EndGlobalSection
EndGlobal
