
Microsoft Visual Studio Solution File, Format Version 12.00
# Visual Studio Version 17
VisualStudioVersion = 17.10.35122.118
MinimumVisualStudioVersion = 10.0.40219.1
Project("{FAE04EC0-301F-11D3-BF4B-00C04F79EFBC}") = "ABCPoo3", "ABCPoo3\ABCPoo3.csproj", "{FC3EBA54-2FBE-496F-9168-C3AE1C7F6292}"
EndProject
Global
	GlobalSection(SolutionConfigurationPlatforms) = preSolution
		Debug|Any CPU = Debug|Any CPU
		Release|Any CPU = Release|Any CPU
	EndGlobalSection
	GlobalSection(ProjectConfigurationPlatforms) = postSolution
		{FC3EBA54-2FBE-496F-9168-C3AE1C7F6292}.Debug|Any CPU.ActiveCfg = Debug|Any CPU
		{FC3EBA54-2FBE-496F-9168-C3AE1C7F6292}.Debug|Any CPU.Build.0 = Debug|Any CPU
		{FC3EBA54-2FBE-496F-9168-C3AE1C7F6292}.Release|Any CPU.ActiveCfg = Release|Any CPU
		{FC3EBA54-2FBE-496F-9168-C3AE1C7F6292}.Release|Any CPU.Build.0 = Release|Any CPU
	EndGlobalSection
	GlobalSection(SolutionProperties) = preSolution
		HideSolutionNode = FALSE
	EndGlobalSection
	GlobalSection(ExtensibilityGlobals) = postSolution
		SolutionGuid = {D663789F-6185-4489-8A3D-8F0A25AAC3A5}
	EndGlobalSection
EndGlobal
