
Microsoft Visual Studio Solution File, Format Version 12.00
# Visual Studio Version 17
VisualStudioVersion = 17.10.35122.118
MinimumVisualStudioVersion = 10.0.40219.1
Project("{FAE04EC0-301F-11D3-BF4B-00C04F79EFBC}") = "vetor", "vetor\vetor.csproj", "{F146D915-7CF7-4F28-8261-6D84B4161451}"
EndProject
Global
	GlobalSection(SolutionConfigurationPlatforms) = preSolution
		Debug|Any CPU = Debug|Any CPU
		Release|Any CPU = Release|Any CPU
	EndGlobalSection
	GlobalSection(ProjectConfigurationPlatforms) = postSolution
		{F146D915-7CF7-4F28-8261-6D84B4161451}.Debug|Any CPU.ActiveCfg = Debug|Any CPU
		{F146D915-7CF7-4F28-8261-6D84B4161451}.Debug|Any CPU.Build.0 = Debug|Any CPU
		{F146D915-7CF7-4F28-8261-6D84B4161451}.Release|Any CPU.ActiveCfg = Release|Any CPU
		{F146D915-7CF7-4F28-8261-6D84B4161451}.Release|Any CPU.Build.0 = Release|Any CPU
	EndGlobalSection
	GlobalSection(SolutionProperties) = preSolution
		HideSolutionNode = FALSE
	EndGlobalSection
	GlobalSection(ExtensibilityGlobals) = postSolution
		SolutionGuid = {42125579-CBAB-4587-AB03-57AE1DD80B28}
	EndGlobalSection
EndGlobal
